
Microsoft Visual Studio Solution File, Format Version 12.00
# Visual Studio Version 17
VisualStudioVersion = 17.2.32616.157
MinimumVisualStudioVersion = 10.0.40219.1
Project("{8BC9CEB8-8B4A-11D0-8D11-00A0C91BC942}") = "[Server]", "[Server]\[Server].vcxproj", "{7EC4BCAD-72DA-43F5-8CEF-FAB9C077FC4E}"
EndProject
Project("{8BC9CEB8-8B4A-11D0-8D11-00A0C91BC942}") = "Client", "Client\Client.vcxproj", "{B0252BEC-C744-466C-B064-B18DA784B1BA}"
EndProject
Global
	GlobalSection(SolutionConfigurationPlatforms) = preSolution
		Debug|x64 = Debug|x64
		Debug|x86 = Debug|x86
		Release|x64 = Release|x64
		Release|x86 = Release|x86
	EndGlobalSection
	GlobalSection(ProjectConfigurationPlatforms) = postSolution
		{7EC4BCAD-72DA-43F5-8CEF-FAB9C077FC4E}.Debug|x64.ActiveCfg = Debug|x64
		{7EC4BCAD-72DA-43F5-8CEF-FAB9C077FC4E}.Debug|x64.Build.0 = Debug|x64
		{7EC4BCAD-72DA-43F5-8CEF-FAB9C077FC4E}.Debug|x86.ActiveCfg = Debug|Win32
		{7EC4BCAD-72DA-43F5-8CEF-FAB9C077FC4E}.Debug|x86.Build.0 = Debug|Win32
		{7EC4BCAD-72DA-43F5-8CEF-FAB9C077FC4E}.Release|x64.ActiveCfg = Release|x64
		{7EC4BCAD-72DA-43F5-8CEF-FAB9C077FC4E}.Release|x64.Build.0 = Release|x64
		{7EC4BCAD-72DA-43F5-8CEF-FAB9C077FC4E}.Release|x86.ActiveCfg = Release|Win32
		{7EC4BCAD-72DA-43F5-8CEF-FAB9C077FC4E}.Release|x86.Build.0 = Release|Win32
		{B0252BEC-C744-466C-B064-B18DA784B1BA}.Debug|x64.ActiveCfg = Debug|x64
		{B0252BEC-C744-466C-B064-B18DA784B1BA}.Debug|x64.Build.0 = Debug|x64
		{B0252BEC-C744-466C-B064-B18DA784B1BA}.Debug|x86.ActiveCfg = Debug|x64
		{B0252BEC-C744-466C-B064-B18DA784B1BA}.Debug|x86.Build.0 = Debug|x64
		{B0252BEC-C744-466C-B064-B18DA784B1BA}.Release|x64.ActiveCfg = Release|x64
		{B0252BEC-C744-466C-B064-B18DA784B1BA}.Release|x64.Build.0 = Release|x64
		{B0252BEC-C744-466C-B064-B18DA784B1BA}.Release|x86.ActiveCfg = Release|x64
		{B0252BEC-C744-466C-B064-B18DA784B1BA}.Release|x86.Build.0 = Release|x64
	EndGlobalSection
	GlobalSection(SolutionProperties) = preSolution
		HideSolutionNode = FALSE
	EndGlobalSection
	GlobalSection(ExtensibilityGlobals) = postSolution
		SolutionGuid = {779DAEB6-095F-444C-8EEE-710D0088C9E6}
	EndGlobalSection
EndGlobal
